Since there is no `package-lock.json` in the HEAD branch, we need to remove the entire `package-lock.json` from the base branch.

Here's the final resolved file content:

```json
{}
```

This indicates that the `package-lock.json` file has been removed entirely as per the changes introduced by the new branch.